// !$*UTF8*$!
{
	archiveVersion = 1;
	classes = {
	};
	objectVersion = 50;
	objects = {

/* Begin PBXBuildFile section */
		0151BC8D2195458C00736C6C /* SideMenu.swift in Sources */ = {isa = PBXBuildFile; fileRef = 0151BC8C2195458C00736C6C /* SideMenu.swift */; };
		01F20ED9217A67F500F2F713 /* AppDelegate.swift in Sources */ = {isa = PBXBuildFile; fileRef = 01F20ED8217A67F500F2F713 /* AppDelegate.swift */; };
		01F20EDB217A67F500F2F713 /* Login.swift in Sources */ = {isa = PBXBuildFile; fileRef = 01F20EDA217A67F500F2F713 /* Login.swift */; };
		01F20EDE217A67F500F2F713 /* Main.storyboard in Resources */ = {isa = PBXBuildFile; fileRef = 01F20EDC217A67F500F2F713 /* Main.storyboard */; };
		01F20EE0217A67F700F2F713 /* Assets.xcassets in Resources */ = {isa = PBXBuildFile; fileRef = 01F20EDF217A67F700F2F713 /* Assets.xcassets */; };
		01F20EE3217A67F700F2F713 /* LaunchScreen.storyboard in Resources */ = {isa = PBXBuildFile; fileRef = 01F20EE1217A67F700F2F713 /* LaunchScreen.storyboard */; };
		01F20EEE217A67F700F2F713 /* SocialBetTests.swift in Sources */ = {isa = PBXBuildFile; fileRef = 01F20EED217A67F700F2F713 /* SocialBetTests.swift */; };
		01F20EF9217A67F700F2F713 /* SocialBetUITests.swift in Sources */ = {isa = PBXBuildFile; fileRef = 01F20EF8217A67F700F2F713 /* SocialBetUITests.swift */; };
		105994D79E66BFD6988066AA /* Pods_SocialBetTests.framework in Frameworks */ = {isa = PBXBuildFile; fileRef = 72C3BB868BB6122AFD5627E0 /* Pods_SocialBetTests.framework */; };
		A3443AC12182CE98005037BA /* Registration.swift in Sources */ = {isa = PBXBuildFile; fileRef = A3443AC02182CE98005037BA /* Registration.swift */; };
		A384B5E8219A7F66005B7031 /* decline.png in Resources */ = {isa = PBXBuildFile; fileRef = A384B5E6219A7F65005B7031 /* decline.png */; };
		A384B5E9219A7F66005B7031 /* accept.png in Resources */ = {isa = PBXBuildFile; fileRef = A384B5E7219A7F66005B7031 /* accept.png */; };
		A384B5EC219A820B005B7031 /* defaultProfilePic.png in Resources */ = {isa = PBXBuildFile; fileRef = A384B5EB219A820A005B7031 /* defaultProfilePic.png */; };
		A39C104C218F9B49005DAAD6 /* GamesFeedCell.swift in Sources */ = {isa = PBXBuildFile; fileRef = A39C104B218F9B49005DAAD6 /* GamesFeedCell.swift */; };
		A39C104E218FB730005DAAD6 /* OpenFeedCell.swift in Sources */ = {isa = PBXBuildFile; fileRef = A39C104D218FB730005DAAD6 /* OpenFeedCell.swift */; };
		A39C1056219126FD005DAAD6 /* LiveFeedCell.xib in Resources */ = {isa = PBXBuildFile; fileRef = A39C1055219126FD005DAAD6 /* LiveFeedCell.xib */; };
		A39C10582191411D005DAAD6 /* OpenFeedCell.xib in Resources */ = {isa = PBXBuildFile; fileRef = A39C10572191411D005DAAD6 /* OpenFeedCell.xib */; };
		A39C105A21915036005DAAD6 /* GamesFeedCell.xib in Resources */ = {isa = PBXBuildFile; fileRef = A39C105921915036005DAAD6 /* GamesFeedCell.xib */; };
		A39CE53621936E74000B9EE1 /* BetBuilderTeamSelection.swift in Sources */ = {isa = PBXBuildFile; fileRef = A39CE53521936E74000B9EE1 /* BetBuilderTeamSelection.swift */; };
		A39CE5382194088E000B9EE1 /* BetBuilderBetTypeSelection.swift in Sources */ = {isa = PBXBuildFile; fileRef = A39CE5372194088E000B9EE1 /* BetBuilderBetTypeSelection.swift */; };
		A39E26AF21924B0C00612E81 /* ClosedFeedCell.xib in Resources */ = {isa = PBXBuildFile; fileRef = A39E26AE21924B0C00612E81 /* ClosedFeedCell.xib */; };
		A39E26B121924B4200612E81 /* ClosedFeedCell.swift in Sources */ = {isa = PBXBuildFile; fileRef = A39E26B021924B4200612E81 /* ClosedFeedCell.swift */; };
		A39E26B52193535000612E81 /* BetBuilderGameSelection.swift in Sources */ = {isa = PBXBuildFile; fileRef = A39E26B42193535000612E81 /* BetBuilderGameSelection.swift */; };
		A3BBD8DE21B1BDA600FE7B30 /* BetBuilderWagerAndMessage.swift in Sources */ = {isa = PBXBuildFile; fileRef = A3BBD8DD21B1BDA600FE7B30 /* BetBuilderWagerAndMessage.swift */; };
		A3BBD8E021B7899800FE7B30 /* GameOpenFeed.swift in Sources */ = {isa = PBXBuildFile; fileRef = A3BBD8DF21B7899800FE7B30 /* GameOpenFeed.swift */; };
		A3BF735C2187600A00CF7F62 /* LiveFeedCell.swift in Sources */ = {isa = PBXBuildFile; fileRef = A3BF735B2187600A00CF7F62 /* LiveFeedCell.swift */; };
		A3CD977E218613B8003740C2 /* Feed.swift in Sources */ = {isa = PBXBuildFile; fileRef = A3CD977D218613B8003740C2 /* Feed.swift */; };
		A3F9C801219560DA00D97BBE /* Settings.swift in Sources */ = {isa = PBXBuildFile; fileRef = A3F9C800219560DA00D97BBE /* Settings.swift */; };
		BC5E0E09B7AA2AF0159CFC52 /* Pods_SocialBetUITests.framework in Frameworks */ = {isa = PBXBuildFile; fileRef = 1B5A1F354F1B05FAE0A98CE0 /* Pods_SocialBetUITests.framework */; };
		DC945829079120CFEBCF2BA8 /* Pods_SocialBet.framework in Frameworks */ = {isa = PBXBuildFile; fileRef = EC3B43911CAA4FB2C6C4931A /* Pods_SocialBet.framework */; };
		F41A1063219A4AF70092CB66 /* Alamofire.framework in Frameworks */ = {isa = PBXBuildFile; fileRef = F41A1062219A4AF70092CB66 /* Alamofire.framework */; };
		F47654E9218A816C0010D208 /* Profile.swift in Sources */ = {isa = PBXBuildFile; fileRef = F47654E8218A816C0010D208 /* Profile.swift */; };
		F484C0932192A15E009A2726 /* Common.swift in Sources */ = {isa = PBXBuildFile; fileRef = F484C0922192A15E009A2726 /* Common.swift */; };
		F484C0962192A7FF009A2726 /* networking.swift in Sources */ = {isa = PBXBuildFile; fileRef = F484C0952192A7FF009A2726 /* networking.swift */; };
/* End PBXBuildFile section */

/* Begin PBXContainerItemProxy section */
		01F20EEA217A67F700F2F713 /* PBXContainerItemProxy */ = {
			isa = PBXContainerItemProxy;
			containerPortal = 01F20ECD217A67F500F2F713 /* Project object */;
			proxyType = 1;
			remoteGlobalIDString = 01F20ED4217A67F500F2F713;
			remoteInfo = SocialBet;
		};
		01F20EF5217A67F700F2F713 /* PBXContainerItemProxy */ = {
			isa = PBXContainerItemProxy;
			containerPortal = 01F20ECD217A67F500F2F713 /* Project object */;
			proxyType = 1;
			remoteGlobalIDString = 01F20ED4217A67F500F2F713;
			remoteInfo = SocialBet;
		};
/* End PBXContainerItemProxy section */

/* Begin PBXFileReference section */
		0151BC8C2195458C00736C6C /* SideMenu.swift */ = {isa = PBXFileReference; lastKnownFileType = sourcecode.swift; path = SideMenu.swift; sourceTree = "<group>"; };
		01F20ED5217A67F500F2F713 /* SocialBet.app */ = {isa = PBXFileReference; explicitFileType = wrapper.application; includeInIndex = 0; path = SocialBet.app; sourceTree = BUILT_PRODUCTS_DIR; };
		01F20ED8217A67F500F2F713 /* AppDelegate.swift */ = {isa = PBXFileReference; lastKnownFileType = sourcecode.swift; path = AppDelegate.swift; sourceTree = "<group>"; };
		01F20EDA217A67F500F2F713 /* Login.swift */ = {isa = PBXFileReference; lastKnownFileType = sourcecode.swift; path = Login.swift; sourceTree = "<group>"; };
		01F20EDD217A67F500F2F713 /* Base */ = {isa = PBXFileReference; lastKnownFileType = file.storyboard; name = Base; path = Base.lproj/Main.storyboard; sourceTree = "<group>"; };
		01F20EDF217A67F700F2F713 /* Assets.xcassets */ = {isa = PBXFileReference; lastKnownFileType = folder.assetcatalog; path = Assets.xcassets; sourceTree = "<group>"; };
		01F20EE2217A67F700F2F713 /* Base */ = {isa = PBXFileReference; lastKnownFileType = file.storyboard; name = Base; path = Base.lproj/LaunchScreen.storyboard; sourceTree = "<group>"; };
		01F20EE4217A67F700F2F713 /* Info.plist */ = {isa = PBXFileReference; lastKnownFileType = text.plist.xml; path = Info.plist; sourceTree = "<group>"; };
		01F20EE9217A67F700F2F713 /* SocialBetTests.xctest */ = {isa = PBXFileReference; explicitFileType = wrapper.cfbundle; includeInIndex = 0; path = SocialBetTests.xctest; sourceTree = BUILT_PRODUCTS_DIR; };
		01F20EED217A67F700F2F713 /* SocialBetTests.swift */ = {isa = PBXFileReference; lastKnownFileType = sourcecode.swift; path = SocialBetTests.swift; sourceTree = "<group>"; };
		01F20EEF217A67F700F2F713 /* Info.plist */ = {isa = PBXFileReference; lastKnownFileType = text.plist.xml; path = Info.plist; sourceTree = "<group>"; };
		01F20EF4217A67F700F2F713 /* SocialBetUITests.xctest */ = {isa = PBXFileReference; explicitFileType = wrapper.cfbundle; includeInIndex = 0; path = SocialBetUITests.xctest; sourceTree = BUILT_PRODUCTS_DIR; };
		01F20EF8217A67F700F2F713 /* SocialBetUITests.swift */ = {isa = PBXFileReference; lastKnownFileType = sourcecode.swift; path = SocialBetUITests.swift; sourceTree = "<group>"; };
		01F20EFA217A67F700F2F713 /* Info.plist */ = {isa = PBXFileReference; lastKnownFileType = text.plist.xml; path = Info.plist; sourceTree = "<group>"; };
		1B5A1F354F1B05FAE0A98CE0 /* Pods_SocialBetUITests.framework */ = {isa = PBXFileReference; explicitFileType = wrapper.framework; includeInIndex = 0; path = Pods_SocialBetUITests.framework; sourceTree = BUILT_PRODUCTS_DIR; };
		200F322DF13C17BDC259E2FE /* Pods-SocialBetUITests.debug.xcconfig */ = {isa = PBXFileReference; includeInIndex = 1; lastKnownFileType = text.xcconfig; name = "Pods-SocialBetUITests.debug.xcconfig"; path = "Pods/Target Support Files/Pods-SocialBetUITests/Pods-SocialBetUITests.debug.xcconfig"; sourceTree = "<group>"; };
		4BF0B5435820669EB7E58C1D /* Pods-SocialBetTests.release.xcconfig */ = {isa = PBXFileReference; includeInIndex = 1; lastKnownFileType = text.xcconfig; name = "Pods-SocialBetTests.release.xcconfig"; path = "Pods/Target Support Files/Pods-SocialBetTests/Pods-SocialBetTests.release.xcconfig"; sourceTree = "<group>"; };
		695B9CEA6275A69BC7F26B62 /* Pods-SocialBetUITests.release.xcconfig */ = {isa = PBXFileReference; includeInIndex = 1; lastKnownFileType = text.xcconfig; name = "Pods-SocialBetUITests.release.xcconfig"; path = "Pods/Target Support Files/Pods-SocialBetUITests/Pods-SocialBetUITests.release.xcconfig"; sourceTree = "<group>"; };
		72C3BB868BB6122AFD5627E0 /* Pods_SocialBetTests.framework */ = {isa = PBXFileReference; explicitFileType = wrapper.framework; includeInIndex = 0; path = Pods_SocialBetTests.framework; sourceTree = BUILT_PRODUCTS_DIR; };
		A3443AC02182CE98005037BA /* Registration.swift */ = {isa = PBXFileReference; lastKnownFileType = sourcecode.swift; path = Registration.swift; sourceTree = "<group>"; };
		A384B5E6219A7F65005B7031 /* decline.png */ = {isa = PBXFileReference; lastKnownFileType = image.png; path = decline.png; sourceTree = "<group>"; };
		A384B5E7219A7F66005B7031 /* accept.png */ = {isa = PBXFileReference; lastKnownFileType = image.png; path = accept.png; sourceTree = "<group>"; };
		A384B5EB219A820A005B7031 /* defaultProfilePic.png */ = {isa = PBXFileReference; lastKnownFileType = image.png; path = defaultProfilePic.png; sourceTree = "<group>"; };
		A39C104B218F9B49005DAAD6 /* GamesFeedCell.swift */ = {isa = PBXFileReference; lastKnownFileType = sourcecode.swift; path = GamesFeedCell.swift; sourceTree = "<group>"; };
		A39C104D218FB730005DAAD6 /* OpenFeedCell.swift */ = {isa = PBXFileReference; lastKnownFileType = sourcecode.swift; path = OpenFeedCell.swift; sourceTree = "<group>"; };
		A39C1055219126FD005DAAD6 /* LiveFeedCell.xib */ = {isa = PBXFileReference; lastKnownFileType = file.xib; path = LiveFeedCell.xib; sourceTree = "<group>"; };
		A39C10572191411D005DAAD6 /* OpenFeedCell.xib */ = {isa = PBXFileReference; lastKnownFileType = file.xib; path = OpenFeedCell.xib; sourceTree = "<group>"; };
		A39C105921915036005DAAD6 /* GamesFeedCell.xib */ = {isa = PBXFileReference; lastKnownFileType = file.xib; path = GamesFeedCell.xib; sourceTree = "<group>"; };
		A39CE53521936E74000B9EE1 /* BetBuilderTeamSelection.swift */ = {isa = PBXFileReference; lastKnownFileType = sourcecode.swift; path = BetBuilderTeamSelection.swift; sourceTree = "<group>"; };
		A39CE5372194088E000B9EE1 /* BetBuilderBetTypeSelection.swift */ = {isa = PBXFileReference; lastKnownFileType = sourcecode.swift; path = BetBuilderBetTypeSelection.swift; sourceTree = "<group>"; };
		A39E26AE21924B0C00612E81 /* ClosedFeedCell.xib */ = {isa = PBXFileReference; lastKnownFileType = file.xib; path = ClosedFeedCell.xib; sourceTree = "<group>"; };
		A39E26B021924B4200612E81 /* ClosedFeedCell.swift */ = {isa = PBXFileReference; lastKnownFileType = sourcecode.swift; path = ClosedFeedCell.swift; sourceTree = "<group>"; };
		A39E26B42193535000612E81 /* BetBuilderGameSelection.swift */ = {isa = PBXFileReference; lastKnownFileType = sourcecode.swift; path = BetBuilderGameSelection.swift; sourceTree = "<group>"; };
		A3A2F2D32195FEA8001240E5 /* Bridging-Header.h */ = {isa = PBXFileReference; lastKnownFileType = sourcecode.c.h; path = "Bridging-Header.h"; sourceTree = "<group>"; };
		A3BBD8DD21B1BDA600FE7B30 /* BetBuilderWagerAndMessage.swift */ = {isa = PBXFileReference; lastKnownFileType = sourcecode.swift; path = BetBuilderWagerAndMessage.swift; sourceTree = "<group>"; };
		A3BBD8DF21B7899800FE7B30 /* GameOpenFeed.swift */ = {isa = PBXFileReference; lastKnownFileType = sourcecode.swift; path = GameOpenFeed.swift; sourceTree = "<group>"; };
		A3BF735B2187600A00CF7F62 /* LiveFeedCell.swift */ = {isa = PBXFileReference; lastKnownFileType = sourcecode.swift; path = LiveFeedCell.swift; sourceTree = "<group>"; };
		A3CD977D218613B8003740C2 /* Feed.swift */ = {isa = PBXFileReference; lastKnownFileType = sourcecode.swift; path = Feed.swift; sourceTree = "<group>"; };
		A3F9C800219560DA00D97BBE /* Settings.swift */ = {isa = PBXFileReference; lastKnownFileType = sourcecode.swift; path = Settings.swift; sourceTree = "<group>"; };
		B5D7B3064F9E64FFF429E2BC /* Pods-SocialBetTests.debug.xcconfig */ = {isa = PBXFileReference; includeInIndex = 1; lastKnownFileType = text.xcconfig; name = "Pods-SocialBetTests.debug.xcconfig"; path = "Pods/Target Support Files/Pods-SocialBetTests/Pods-SocialBetTests.debug.xcconfig"; sourceTree = "<group>"; };
		D3ACCA9CDAEA4B8DB1A4A12F /* Pods-SocialBet.debug.xcconfig */ = {isa = PBXFileReference; includeInIndex = 1; lastKnownFileType = text.xcconfig; name = "Pods-SocialBet.debug.xcconfig"; path = "Pods/Target Support Files/Pods-SocialBet/Pods-SocialBet.debug.xcconfig"; sourceTree = "<group>"; };
		EC3B43911CAA4FB2C6C4931A /* Pods_SocialBet.framework */ = {isa = PBXFileReference; explicitFileType = wrapper.framework; includeInIndex = 0; path = Pods_SocialBet.framework; sourceTree = BUILT_PRODUCTS_DIR; };
		EE5AD83B1C363C4188AC4BC7 /* Pods-SocialBet.release.xcconfig */ = {isa = PBXFileReference; includeInIndex = 1; lastKnownFileType = text.xcconfig; name = "Pods-SocialBet.release.xcconfig"; path = "Pods/Target Support Files/Pods-SocialBet/Pods-SocialBet.release.xcconfig"; sourceTree = "<group>"; };
		F41A1062219A4AF70092CB66 /* Alamofire.framework */ = {isa = PBXFileReference; lastKnownFileType = wrapper.framework; name = Alamofire.framework; path = Carthage/Build/iOS/Alamofire.framework; sourceTree = "<group>"; };
		F47654E8218A816C0010D208 /* Profile.swift */ = {isa = PBXFileReference; lastKnownFileType = sourcecode.swift; path = Profile.swift; sourceTree = "<group>"; };
		F484C0922192A15E009A2726 /* Common.swift */ = {isa = PBXFileReference; lastKnownFileType = sourcecode.swift; path = Common.swift; sourceTree = "<group>"; };
		F484C0952192A7FF009A2726 /* networking.swift */ = {isa = PBXFileReference; lastKnownFileType = sourcecode.swift; path = networking.swift; sourceTree = "<group>"; };
/* End PBXFileReference section */

/* Begin PBXFrameworksBuildPhase section */
		01F20ED2217A67F500F2F713 /* Frameworks */ = {
			isa = PBXFrameworksBuildPhase;
			buildActionMask = 2147483647;
			files = (
				F41A1063219A4AF70092CB66 /* Alamofire.framework in Frameworks */,
				DC945829079120CFEBCF2BA8 /* Pods_SocialBet.framework in Frameworks */,
			);
			runOnlyForDeploymentPostprocessing = 0;
		};
		01F20EE6217A67F700F2F713 /* Frameworks */ = {
			isa = PBXFrameworksBuildPhase;
			buildActionMask = 2147483647;
			files = (
				105994D79E66BFD6988066AA /* Pods_SocialBetTests.framework in Frameworks */,
			);
			runOnlyForDeploymentPostprocessing = 0;
		};
		01F20EF1217A67F700F2F713 /* Frameworks */ = {
			isa = PBXFrameworksBuildPhase;
			buildActionMask = 2147483647;
			files = (
				BC5E0E09B7AA2AF0159CFC52 /* Pods_SocialBetUITests.framework in Frameworks */,
			);
			runOnlyForDeploymentPostprocessing = 0;
		};
/* End PBXFrameworksBuildPhase section */

/* Begin PBXGroup section */
		01F20ECC217A67F500F2F713 = {
			isa = PBXGroup;
			children = (
				01F20ED7217A67F500F2F713 /* SocialBet */,
				01F20EEC217A67F700F2F713 /* SocialBetTests */,
				01F20EF7217A67F700F2F713 /* SocialBetUITests */,
				01F20ED6217A67F500F2F713 /* Products */,
				F4F1EF6F2195322E0038A0B5 /* Recovered References */,
				2CAC81BC54497AD6D59F2190 /* Pods */,
				5614A9CC1218AA0B023B4A12 /* Frameworks */,
			);
			sourceTree = "<group>";
		};
		01F20ED6217A67F500F2F713 /* Products */ = {
			isa = PBXGroup;
			children = (
				01F20ED5217A67F500F2F713 /* SocialBet.app */,
				01F20EE9217A67F700F2F713 /* SocialBetTests.xctest */,
				01F20EF4217A67F700F2F713 /* SocialBetUITests.xctest */,
			);
			name = Products;
			sourceTree = "<group>";
		};
		01F20ED7217A67F500F2F713 /* SocialBet */ = {
			isa = PBXGroup;
			children = (
				A3A2F2D32195FEA8001240E5 /* Bridging-Header.h */,
				01F20EE4217A67F700F2F713 /* Info.plist */,
				A384B5E7219A7F66005B7031 /* accept.png */,
				A384B5E6219A7F65005B7031 /* decline.png */,
				A384B5EB219A820A005B7031 /* defaultProfilePic.png */,
				01F20ED8217A67F500F2F713 /* AppDelegate.swift */,
				A39E26B42193535000612E81 /* BetBuilderGameSelection.swift */,
				A39CE5372194088E000B9EE1 /* BetBuilderBetTypeSelection.swift */,
				A39CE53521936E74000B9EE1 /* BetBuilderTeamSelection.swift */,
				A3BBD8DD21B1BDA600FE7B30 /* BetBuilderWagerAndMessage.swift */,
				A39E26B021924B4200612E81 /* ClosedFeedCell.swift */,
				F484C0922192A15E009A2726 /* Common.swift */,
				A3CD977D218613B8003740C2 /* Feed.swift */,
				A39C104B218F9B49005DAAD6 /* GamesFeedCell.swift */,
				A3BF735B2187600A00CF7F62 /* LiveFeedCell.swift */,
				01F20EDA217A67F500F2F713 /* Login.swift */,
				F484C0952192A7FF009A2726 /* networking.swift */,
				A39C104D218FB730005DAAD6 /* OpenFeedCell.swift */,
				F47654E8218A816C0010D208 /* Profile.swift */,
				A3443AC02182CE98005037BA /* Registration.swift */,
				A3F9C800219560DA00D97BBE /* Settings.swift */,
				0151BC8C2195458C00736C6C /* SideMenu.swift */,
				01F20EDF217A67F700F2F713 /* Assets.xcassets */,
				A39E26AE21924B0C00612E81 /* ClosedFeedCell.xib */,
				A39C105921915036005DAAD6 /* GamesFeedCell.xib */,
				A39C1055219126FD005DAAD6 /* LiveFeedCell.xib */,
				A39C10572191411D005DAAD6 /* OpenFeedCell.xib */,
				01F20EE1217A67F700F2F713 /* LaunchScreen.storyboard */,
				01F20EDC217A67F500F2F713 /* Main.storyboard */,
				A3BBD8DF21B7899800FE7B30 /* GameOpenFeed.swift */,
			);
			path = SocialBet;
			sourceTree = "<group>";
		};
		01F20EEC217A67F700F2F713 /* SocialBetTests */ = {
			isa = PBXGroup;
			children = (
				01F20EED217A67F700F2F713 /* SocialBetTests.swift */,
				01F20EEF217A67F700F2F713 /* Info.plist */,
			);
			path = SocialBetTests;
			sourceTree = "<group>";
		};
		01F20EF7217A67F700F2F713 /* SocialBetUITests */ = {
			isa = PBXGroup;
			children = (
				01F20EF8217A67F700F2F713 /* SocialBetUITests.swift */,
				01F20EFA217A67F700F2F713 /* Info.plist */,
			);
			path = SocialBetUITests;
			sourceTree = "<group>";
		};
		2CAC81BC54497AD6D59F2190 /* Pods */ = {
			isa = PBXGroup;
			children = (
				D3ACCA9CDAEA4B8DB1A4A12F /* Pods-SocialBet.debug.xcconfig */,
				EE5AD83B1C363C4188AC4BC7 /* Pods-SocialBet.release.xcconfig */,
				B5D7B3064F9E64FFF429E2BC /* Pods-SocialBetTests.debug.xcconfig */,
				4BF0B5435820669EB7E58C1D /* Pods-SocialBetTests.release.xcconfig */,
				200F322DF13C17BDC259E2FE /* Pods-SocialBetUITests.debug.xcconfig */,
				695B9CEA6275A69BC7F26B62 /* Pods-SocialBetUITests.release.xcconfig */,
			);
			name = Pods;
			sourceTree = "<group>";
		};
		5614A9CC1218AA0B023B4A12 /* Frameworks */ = {
			isa = PBXGroup;
			children = (
				EC3B43911CAA4FB2C6C4931A /* Pods_SocialBet.framework */,
				72C3BB868BB6122AFD5627E0 /* Pods_SocialBetTests.framework */,
				1B5A1F354F1B05FAE0A98CE0 /* Pods_SocialBetUITests.framework */,
			);
			name = Frameworks;
			sourceTree = "<group>";
		};
		F4F1EF6F2195322E0038A0B5 /* Recovered References */ = {
			isa = PBXGroup;
			children = (
				F41A1062219A4AF70092CB66 /* Alamofire.framework */,
			);
			name = "Recovered References";
			sourceTree = "<group>";
		};
/* End PBXGroup section */

/* Begin PBXNativeTarget section */
		01F20ED4217A67F500F2F713 /* SocialBet */ = {
			isa = PBXNativeTarget;
			buildConfigurationList = 01F20EFD217A67F700F2F713 /* Build configuration list for PBXNativeTarget "SocialBet" */;
			buildPhases = (
				85024CEFBBCD9A5A4E580B56 /* [CP] Check Pods Manifest.lock */,
				01F20ED1217A67F500F2F713 /* Sources */,
				01F20ED2217A67F500F2F713 /* Frameworks */,
				01F20ED3217A67F500F2F713 /* Resources */,
				1082159076F1AEC892000295 /* [CP] Embed Pods Frameworks */,
			);
			buildRules = (
			);
			dependencies = (
			);
			name = SocialBet;
			productName = SocialBet;
			productReference = 01F20ED5217A67F500F2F713 /* SocialBet.app */;
			productType = "com.apple.product-type.application";
		};
		01F20EE8217A67F700F2F713 /* SocialBetTests */ = {
			isa = PBXNativeTarget;
			buildConfigurationList = 01F20F00217A67F700F2F713 /* Build configuration list for PBXNativeTarget "SocialBetTests" */;
			buildPhases = (
				34743581F8B05882A64319F2 /* [CP] Check Pods Manifest.lock */,
				01F20EE5217A67F700F2F713 /* Sources */,
				01F20EE6217A67F700F2F713 /* Frameworks */,
				01F20EE7217A67F700F2F713 /* Resources */,
			);
			buildRules = (
			);
			dependencies = (
				01F20EEB217A67F700F2F713 /* PBXTargetDependency */,
			);
			name = SocialBetTests;
			productName = SocialBetTests;
			productReference = 01F20EE9217A67F700F2F713 /* SocialBetTests.xctest */;
			productType = "com.apple.product-type.bundle.unit-test";
		};
		01F20EF3217A67F700F2F713 /* SocialBetUITests */ = {
			isa = PBXNativeTarget;
			buildConfigurationList = 01F20F03217A67F700F2F713 /* Build configuration list for PBXNativeTarget "SocialBetUITests" */;
			buildPhases = (
				B5F22FBCCC0446F9C123ADFA /* [CP] Check Pods Manifest.lock */,
				01F20EF0217A67F700F2F713 /* Sources */,
				01F20EF1217A67F700F2F713 /* Frameworks */,
				01F20EF2217A67F700F2F713 /* Resources */,
			);
			buildRules = (
			);
			dependencies = (
				01F20EF6217A67F700F2F713 /* PBXTargetDependency */,
			);
			name = SocialBetUITests;
			productName = SocialBetUITests;
			productReference = 01F20EF4217A67F700F2F713 /* SocialBetUITests.xctest */;
			productType = "com.apple.product-type.bundle.ui-testing";
		};
/* End PBXNativeTarget section */

/* Begin PBXProject section */
		01F20ECD217A67F500F2F713 /* Project object */ = {
			isa = PBXProject;
			attributes = {
				LastSwiftUpdateCheck = 1000;
				LastUpgradeCheck = 1000;
				ORGANIZATIONNAME = SocialBet;
				TargetAttributes = {
					01F20ED4217A67F500F2F713 = {
						CreatedOnToolsVersion = 10.0;
					};
					01F20EE8217A67F700F2F713 = {
						CreatedOnToolsVersion = 10.0;
						TestTargetID = 01F20ED4217A67F500F2F713;
					};
					01F20EF3217A67F700F2F713 = {
						CreatedOnToolsVersion = 10.0;
						TestTargetID = 01F20ED4217A67F500F2F713;
					};
				};
			};
			buildConfigurationList = 01F20ED0217A67F500F2F713 /* Build configuration list for PBXProject "SocialBet" */;
			compatibilityVersion = "Xcode 9.3";
			developmentRegion = en;
			hasScannedForEncodings = 0;
			knownRegions = (
				en,
				Base,
			);
			mainGroup = 01F20ECC217A67F500F2F713;
			productRefGroup = 01F20ED6217A67F500F2F713 /* Products */;
			projectDirPath = "";
			projectRoot = "";
			targets = (
				01F20ED4217A67F500F2F713 /* SocialBet */,
				01F20EE8217A67F700F2F713 /* SocialBetTests */,
				01F20EF3217A67F700F2F713 /* SocialBetUITests */,
			);
		};
/* End PBXProject section */

/* Begin PBXResourcesBuildPhase section */
		01F20ED3217A67F500F2F713 /* Resources */ = {
			isa = PBXResourcesBuildPhase;
			buildActionMask = 2147483647;
			files = (
				01F20EE3217A67F700F2F713 /* LaunchScreen.storyboard in Resources */,
				A39C10582191411D005DAAD6 /* OpenFeedCell.xib in Resources */,
				A39C1056219126FD005DAAD6 /* LiveFeedCell.xib in Resources */,
				A384B5E9219A7F66005B7031 /* accept.png in Resources */,
				A384B5E8219A7F66005B7031 /* decline.png in Resources */,
				A39C105A21915036005DAAD6 /* GamesFeedCell.xib in Resources */,
				A39E26AF21924B0C00612E81 /* ClosedFeedCell.xib in Resources */,
				01F20EE0217A67F700F2F713 /* Assets.xcassets in Resources */,
				01F20EDE217A67F500F2F713 /* Main.storyboard in Resources */,
				A384B5EC219A820B005B7031 /* defaultProfilePic.png in Resources */,
			);
			runOnlyForDeploymentPostprocessing = 0;
		};
		01F20EE7217A67F700F2F713 /* Resources */ = {
			isa = PBXResourcesBuildPhase;
			buildActionMask = 2147483647;
			files = (
			);
			runOnlyForDeploymentPostprocessing = 0;
		};
		01F20EF2217A67F700F2F713 /* Resources */ = {
			isa = PBXResourcesBuildPhase;
			buildActionMask = 2147483647;
			files = (
			);
			runOnlyForDeploymentPostprocessing = 0;
		};
/* End PBXResourcesBuildPhase section */

/* Begin PBXShellScriptBuildPhase section */
		1082159076F1AEC892000295 /* [CP] Embed Pods Frameworks */ = {
			isa = PBXShellScriptBuildPhase;
			buildActionMask = 2147483647;
			files = (
			);
			inputFileListPaths = (
			);
			inputPaths = (
				"${SRCROOT}/Pods/Target Support Files/Pods-SocialBet/Pods-SocialBet-frameworks.sh",
				"${BUILT_PRODUCTS_DIR}/Alamofire/Alamofire.framework",
			);
			name = "[CP] Embed Pods Frameworks";
			outputFileListPaths = (
			);
			outputPaths = (
				"${TARGET_BUILD_DIR}/${FRAMEWORKS_FOLDER_PATH}/Alamofire.framework",
			);
			runOnlyForDeploymentPostprocessing = 0;
			shellPath = /bin/sh;
			shellScript = "\"${SRCROOT}/Pods/Target Support Files/Pods-SocialBet/Pods-SocialBet-frameworks.sh\"\n";
			showEnvVarsInLog = 0;
		};
		34743581F8B05882A64319F2 /* [CP] Check Pods Manifest.lock */ = {
			isa = PBXShellScriptBuildPhase;
			buildActionMask = 2147483647;
			files = (
			);
			inputFileListPaths = (
			);
			inputPaths = (
				"${PODS_PODFILE_DIR_PATH}/Podfile.lock",
				"${PODS_ROOT}/Manifest.lock",
			);
			name = "[CP] Check Pods Manifest.lock";
			outputFileListPaths = (
			);
			outputPaths = (
				"$(DERIVED_FILE_DIR)/Pods-SocialBetTests-checkManifestLockResult.txt",
			);
			runOnlyForDeploymentPostprocessing = 0;
			shellPath = /bin/sh;
			shellScript = "diff \"${PODS_PODFILE_DIR_PATH}/Podfile.lock\" \"${PODS_ROOT}/Manifest.lock\" > /dev/null\nif [ $? != 0 ] ; then\n    # print error to STDERR\n    echo \"error: The sandbox is not in sync with the Podfile.lock. Run 'pod install' or update your CocoaPods installation.\" >&2\n    exit 1\nfi\n# This output is used by Xcode 'outputs' to avoid re-running this script phase.\necho \"SUCCESS\" > \"${SCRIPT_OUTPUT_FILE_0}\"\n";
			showEnvVarsInLog = 0;
		};
		85024CEFBBCD9A5A4E580B56 /* [CP] Check Pods Manifest.lock */ = {
			isa = PBXShellScriptBuildPhase;
			buildActionMask = 2147483647;
			files = (
			);
			inputFileListPaths = (
			);
			inputPaths = (
				"${PODS_PODFILE_DIR_PATH}/Podfile.lock",
				"${PODS_ROOT}/Manifest.lock",
			);
			name = "[CP] Check Pods Manifest.lock";
			outputFileListPaths = (
			);
			outputPaths = (
				"$(DERIVED_FILE_DIR)/Pods-SocialBet-checkManifestLockResult.txt",
			);
			runOnlyForDeploymentPostprocessing = 0;
			shellPath = /bin/sh;
			shellScript = "diff \"${PODS_PODFILE_DIR_PATH}/Podfile.lock\" \"${PODS_ROOT}/Manifest.lock\" > /dev/null\nif [ $? != 0 ] ; then\n    # print error to STDERR\n    echo \"error: The sandbox is not in sync with the Podfile.lock. Run 'pod install' or update your CocoaPods installation.\" >&2\n    exit 1\nfi\n# This output is used by Xcode 'outputs' to avoid re-running this script phase.\necho \"SUCCESS\" > \"${SCRIPT_OUTPUT_FILE_0}\"\n";
			showEnvVarsInLog = 0;
		};
		B5F22FBCCC0446F9C123ADFA /* [CP] Check Pods Manifest.lock */ = {
			isa = PBXShellScriptBuildPhase;
			buildActionMask = 2147483647;
			files = (
			);
			inputFileListPaths = (
			);
			inputPaths = (
				"${PODS_PODFILE_DIR_PATH}/Podfile.lock",
				"${PODS_ROOT}/Manifest.lock",
			);
			name = "[CP] Check Pods Manifest.lock";
			outputFileListPaths = (
			);
			outputPaths = (
				"$(DERIVED_FILE_DIR)/Pods-SocialBetUITests-checkManifestLockResult.txt",
			);
			runOnlyForDeploymentPostprocessing = 0;
			shellPath = /bin/sh;
			shellScript = "diff \"${PODS_PODFILE_DIR_PATH}/Podfile.lock\" \"${PODS_ROOT}/Manifest.lock\" > /dev/null\nif [ $? != 0 ] ; then\n    # print error to STDERR\n    echo \"error: The sandbox is not in sync with the Podfile.lock. Run 'pod install' or update your CocoaPods installation.\" >&2\n    exit 1\nfi\n# This output is used by Xcode 'outputs' to avoid re-running this script phase.\necho \"SUCCESS\" > \"${SCRIPT_OUTPUT_FILE_0}\"\n";
			showEnvVarsInLog = 0;
		};
/* End PBXShellScriptBuildPhase section */

/* Begin PBXSourcesBuildPhase section */
		01F20ED1217A67F500F2F713 /* Sources */ = {
			isa = PBXSourcesBuildPhase;
			buildActionMask = 2147483647;
			files = (
				01F20EDB217A67F500F2F713 /* Login.swift in Sources */,
				F484C0962192A7FF009A2726 /* networking.swift in Sources */,
				A39CE53621936E74000B9EE1 /* BetBuilderTeamSelection.swift in Sources */,
				A39E26B121924B4200612E81 /* ClosedFeedCell.swift in Sources */,
				A39E26B52193535000612E81 /* BetBuilderGameSelection.swift in Sources */,
				F47654E9218A816C0010D208 /* Profile.swift in Sources */,
				0151BC8D2195458C00736C6C /* SideMenu.swift in Sources */,
				A39CE5382194088E000B9EE1 /* BetBuilderBetTypeSelection.swift in Sources */,
				A3CD977E218613B8003740C2 /* Feed.swift in Sources */,
				A39C104E218FB730005DAAD6 /* OpenFeedCell.swift in Sources */,
				A3F9C801219560DA00D97BBE /* Settings.swift in Sources */,
				A3BBD8E021B7899800FE7B30 /* GameOpenFeed.swift in Sources */,
				A39C104C218F9B49005DAAD6 /* GamesFeedCell.swift in Sources */,
				A3443AC12182CE98005037BA /* Registration.swift in Sources */,
				F484C0932192A15E009A2726 /* Common.swift in Sources */,
				01F20ED9217A67F500F2F713 /* AppDelegate.swift in Sources */,
				A3BBD8DE21B1BDA600FE7B30 /* BetBuilderWagerAndMessage.swift in Sources */,
				A3BF735C2187600A00CF7F62 /* LiveFeedCell.swift in Sources */,
			);
			runOnlyForDeploymentPostprocessing = 0;
		};
		01F20EE5217A67F700F2F713 /* Sources */ = {
			isa = PBXSourcesBuildPhase;
			buildActionMask = 2147483647;
			files = (
				01F20EEE217A67F700F2F713 /* SocialBetTests.swift in Sources */,
			);
			runOnlyForDeploymentPostprocessing = 0;
		};
		01F20EF0217A67F700F2F713 /* Sources */ = {
			isa = PBXSourcesBuildPhase;
			buildActionMask = 2147483647;
			files = (
				01F20EF9217A67F700F2F713 /* SocialBetUITests.swift in Sources */,
			);
			runOnlyForDeploymentPostprocessing = 0;
		};
/* End PBXSourcesBuildPhase section */

/* Begin PBXTargetDependency section */
		01F20EEB217A67F700F2F713 /* PBXTargetDependency */ = {
			isa = PBXTargetDependency;
			target = 01F20ED4217A67F500F2F713 /* SocialBet */;
			targetProxy = 01F20EEA217A67F700F2F713 /* PBXContainerItemProxy */;
		};
		01F20EF6217A67F700F2F713 /* PBXTargetDependency */ = {
			isa = PBXTargetDependency;
			target = 01F20ED4217A67F500F2F713 /* SocialBet */;
			targetProxy = 01F20EF5217A67F700F2F713 /* PBXContainerItemProxy */;
		};
/* End PBXTargetDependency section */

/* Begin PBXVariantGroup section */
		01F20EDC217A67F500F2F713 /* Main.storyboard */ = {
			isa = PBXVariantGroup;
			children = (
				01F20EDD217A67F500F2F713 /* Base */,
			);
			name = Main.storyboard;
			sourceTree = "<group>";
		};
		01F20EE1217A67F700F2F713 /* LaunchScreen.storyboard */ = {
			isa = PBXVariantGroup;
			children = (
				01F20EE2217A67F700F2F713 /* Base */,
			);
			name = LaunchScreen.storyboard;
			sourceTree = "<group>";
		};
/* End PBXVariantGroup section */

/* Begin XCBuildConfiguration section */
		01F20EFB217A67F700F2F713 /* Debug */ = {
			isa = XCBuildConfiguration;
			buildSettings = {
				ALWAYS_SEARCH_USER_PATHS = NO;
				CLANG_ANALYZER_NONNULL = YES;
				CLANG_ANALYZER_NUMBER_OBJECT_CONVERSION = YES_AGGRESSIVE;
				CLANG_CXX_LANGUAGE_STANDARD = "gnu++14";
				CLANG_CXX_LIBRARY = "libc++";
				CLANG_ENABLE_MODULES = YES;
				CLANG_ENABLE_OBJC_ARC = YES;
				CLANG_ENABLE_OBJC_WEAK = YES;
				CLANG_WARN_BLOCK_CAPTURE_AUTORELEASING = YES;
				CLANG_WARN_BOOL_CONVERSION = YES;
				CLANG_WARN_COMMA = YES;
				CLANG_WARN_CONSTANT_CONVERSION = YES;
				CLANG_WARN_DEPRECATED_OBJC_IMPLEMENTATIONS = YES;
				CLANG_WARN_DIRECT_OBJC_ISA_USAGE = YES_ERROR;
				CLANG_WARN_DOCUMENTATION_COMMENTS = YES;
				CLANG_WARN_EMPTY_BODY = YES;
				CLANG_WARN_ENUM_CONVERSION = YES;
				CLANG_WARN_INFINITE_RECURSION = YES;
				CLANG_WARN_INT_CONVERSION = YES;
				CLANG_WARN_NON_LITERAL_NULL_CONVERSION = YES;
				CLANG_WARN_OBJC_IMPLICIT_RETAIN_SELF = YES;
				CLANG_WARN_OBJC_LITERAL_CONVERSION = YES;
				CLANG_WARN_OBJC_ROOT_CLASS = YES_ERROR;
				CLANG_WARN_RANGE_LOOP_ANALYSIS = YES;
				CLANG_WARN_STRICT_PROTOTYPES = YES;
				CLANG_WARN_SUSPICIOUS_MOVE = YES;
				CLANG_WARN_UNGUARDED_AVAILABILITY = YES_AGGRESSIVE;
				CLANG_WARN_UNREACHABLE_CODE = YES;
				CLANG_WARN__DUPLICATE_METHOD_MATCH = YES;
				CODE_SIGN_IDENTITY = "iPhone Developer";
				COPY_PHASE_STRIP = NO;
				DEBUG_INFORMATION_FORMAT = dwarf;
				ENABLE_STRICT_OBJC_MSGSEND = YES;
				ENABLE_TESTABILITY = YES;
				GCC_C_LANGUAGE_STANDARD = gnu11;
				GCC_DYNAMIC_NO_PIC = NO;
				GCC_NO_COMMON_BLOCKS = YES;
				GCC_OPTIMIZATION_LEVEL = 0;
				GCC_PREPROCESSOR_DEFINITIONS = (
					"DEBUG=1",
					"$(inherited)",
				);
				GCC_WARN_64_TO_32_BIT_CONVERSION = YES;
				GCC_WARN_ABOUT_RETURN_TYPE = YES_ERROR;
				GCC_WARN_UNDECLARED_SELECTOR = YES;
				GCC_WARN_UNINITIALIZED_AUTOS = YES_AGGRESSIVE;
				GCC_WARN_UNUSED_FUNCTION = YES;
				GCC_WARN_UNUSED_VARIABLE = YES;
				IPHONEOS_DEPLOYMENT_TARGET = 12.0;
				MTL_ENABLE_DEBUG_INFO = INCLUDE_SOURCE;
				MTL_FAST_MATH = YES;
				ONLY_ACTIVE_ARCH = YES;
				SDKROOT = iphoneos;
				SWIFT_ACTIVE_COMPILATION_CONDITIONS = DEBUG;
				SWIFT_OPTIMIZATION_LEVEL = "-Onone";
			};
			name = Debug;
		};
		01F20EFC217A67F700F2F713 /* Release */ = {
			isa = XCBuildConfiguration;
			buildSettings = {
				ALWAYS_SEARCH_USER_PATHS = NO;
				CLANG_ANALYZER_NONNULL = YES;
				CLANG_ANALYZER_NUMBER_OBJECT_CONVERSION = YES_AGGRESSIVE;
				CLANG_CXX_LANGUAGE_STANDARD = "gnu++14";
				CLANG_CXX_LIBRARY = "libc++";
				CLANG_ENABLE_MODULES = YES;
				CLANG_ENABLE_OBJC_ARC = YES;
				CLANG_ENABLE_OBJC_WEAK = YES;
				CLANG_WARN_BLOCK_CAPTURE_AUTORELEASING = YES;
				CLANG_WARN_BOOL_CONVERSION = YES;
				CLANG_WARN_COMMA = YES;
				CLANG_WARN_CONSTANT_CONVERSION = YES;
				CLANG_WARN_DEPRECATED_OBJC_IMPLEMENTATIONS = YES;
				CLANG_WARN_DIRECT_OBJC_ISA_USAGE = YES_ERROR;
				CLANG_WARN_DOCUMENTATION_COMMENTS = YES;
				CLANG_WARN_EMPTY_BODY = YES;
				CLANG_WARN_ENUM_CONVERSION = YES;
				CLANG_WARN_INFINITE_RECURSION = YES;
				CLANG_WARN_INT_CONVERSION = YES;
				CLANG_WARN_NON_LITERAL_NULL_CONVERSION = YES;
				CLANG_WARN_OBJC_IMPLICIT_RETAIN_SELF = YES;
				CLANG_WARN_OBJC_LITERAL_CONVERSION = YES;
				CLANG_WARN_OBJC_ROOT_CLASS = YES_ERROR;
				CLANG_WARN_RANGE_LOOP_ANALYSIS = YES;
				CLANG_WARN_STRICT_PROTOTYPES = YES;
				CLANG_WARN_SUSPICIOUS_MOVE = YES;
				CLANG_WARN_UNGUARDED_AVAILABILITY = YES_AGGRESSIVE;
				CLANG_WARN_UNREACHABLE_CODE = YES;
				CLANG_WARN__DUPLICATE_METHOD_MATCH = YES;
				CODE_SIGN_IDENTITY = "iPhone Developer";
				COPY_PHASE_STRIP = NO;
				DEBUG_INFORMATION_FORMAT = "dwarf-with-dsym";
				ENABLE_NS_ASSERTIONS = NO;
				ENABLE_STRICT_OBJC_MSGSEND = YES;
				GCC_C_LANGUAGE_STANDARD = gnu11;
				GCC_NO_COMMON_BLOCKS = YES;
				GCC_WARN_64_TO_32_BIT_CONVERSION = YES;
				GCC_WARN_ABOUT_RETURN_TYPE = YES_ERROR;
				GCC_WARN_UNDECLARED_SELECTOR = YES;
				GCC_WARN_UNINITIALIZED_AUTOS = YES_AGGRESSIVE;
				GCC_WARN_UNUSED_FUNCTION = YES;
				GCC_WARN_UNUSED_VARIABLE = YES;
				IPHONEOS_DEPLOYMENT_TARGET = 12.0;
				MTL_ENABLE_DEBUG_INFO = NO;
				MTL_FAST_MATH = YES;
				SDKROOT = iphoneos;
				SWIFT_COMPILATION_MODE = wholemodule;
				SWIFT_OPTIMIZATION_LEVEL = "-O";
				VALIDATE_PRODUCT = YES;
			};
			name = Release;
		};
		01F20EFE217A67F700F2F713 /* Debug */ = {
			isa = XCBuildConfiguration;
			baseConfigurationReference = D3ACCA9CDAEA4B8DB1A4A12F /* Pods-SocialBet.debug.xcconfig */;
			buildSettings = {
				ASSETCATALOG_COMPILER_APPICON_NAME = AppIcon;
				CODE_SIGN_IDENTITY = "iPhone Developer";
				CODE_SIGN_STYLE = Automatic;
				DEVELOPMENT_TEAM = 6H4F95J6A7;
				FRAMEWORK_SEARCH_PATHS = "$(inherited)";
				INFOPLIST_FILE = SocialBet/Info.plist;
				LD_RUNPATH_SEARCH_PATHS = (
					"$(inherited)",
					"@executable_path/Frameworks",
				);
				PRODUCT_BUNDLE_IDENTIFIER = com.umich.SocialBet.eecs441;
				PRODUCT_NAME = "$(TARGET_NAME)";
				PROVISIONING_PROFILE_SPECIFIER = "";
				SWIFT_OBJC_BRIDGING_HEADER = "SocialBet/Bridging-Header.h";
				SWIFT_VERSION = 4.2;
				TARGETED_DEVICE_FAMILY = "1,2";
			};
			name = Debug;
		};
		01F20EFF217A67F700F2F713 /* Release */ = {
			isa = XCBuildConfiguration;
			baseConfigurationReference = EE5AD83B1C363C4188AC4BC7 /* Pods-SocialBet.release.xcconfig */;
			buildSettings = {
				ASSETCATALOG_COMPILER_APPICON_NAME = AppIcon;
				CODE_SIGN_IDENTITY = "iPhone Developer";
				CODE_SIGN_STYLE = Automatic;
				DEVELOPMENT_TEAM = 6H4F95J6A7;
				FRAMEWORK_SEARCH_PATHS = "$(inherited)";
				INFOPLIST_FILE = SocialBet/Info.plist;
				LD_RUNPATH_SEARCH_PATHS = (
					"$(inherited)",
					"@executable_path/Frameworks",
				);
				PRODUCT_BUNDLE_IDENTIFIER = com.umich.SocialBet.eecs441;
				PRODUCT_NAME = "$(TARGET_NAME)";
				PROVISIONING_PROFILE_SPECIFIER = "";
				SWIFT_OBJC_BRIDGING_HEADER = "SocialBet/Bridging-Header.h";
				SWIFT_VERSION = 4.2;
				TARGETED_DEVICE_FAMILY = "1,2";
			};
			name = Release;
		};
		01F20F01217A67F700F2F713 /* Debug */ = {
			isa = XCBuildConfiguration;
			baseConfigurationReference = B5D7B3064F9E64FFF429E2BC /* Pods-SocialBetTests.debug.xcconfig */;
			buildSettings = {
				ALWAYS_EMBED_SWIFT_STANDARD_LIBRARIES = YES;
				BUNDLE_LOADER = "$(TEST_HOST)";
				CODE_SIGN_STYLE = Automatic;
				INFOPLIST_FILE = SocialBetTests/Info.plist;
				LD_RUNPATH_SEARCH_PATHS = (
					"$(inherited)",
					"@executable_path/Frameworks",
					"@loader_path/Frameworks",
				);
				PRODUCT_BUNDLE_IDENTIFIER = SocialBet.SocialBetTests;
				PRODUCT_NAME = "$(TARGET_NAME)";
				SWIFT_VERSION = 4.2;
				TARGETED_DEVICE_FAMILY = "1,2";
				TEST_HOST = "$(BUILT_PRODUCTS_DIR)/SocialBet.app/SocialBet";
			};
			name = Debug;
		};
		01F20F02217A67F700F2F713 /* Release */ = {
			isa = XCBuildConfiguration;
			baseConfigurationReference = 4BF0B5435820669EB7E58C1D /* Pods-SocialBetTests.release.xcconfig */;
			buildSettings = {
				ALWAYS_EMBED_SWIFT_STANDARD_LIBRARIES = YES;
				BUNDLE_LOADER = "$(TEST_HOST)";
				CODE_SIGN_STYLE = Automatic;
				INFOPLIST_FILE = SocialBetTests/Info.plist;
				LD_RUNPATH_SEARCH_PATHS = (
					"$(inherited)",
					"@executable_path/Frameworks",
					"@loader_path/Frameworks",
				);
				PRODUCT_BUNDLE_IDENTIFIER = SocialBet.SocialBetTests;
				PRODUCT_NAME = "$(TARGET_NAME)";
				SWIFT_VERSION = 4.2;
				TARGETED_DEVICE_FAMILY = "1,2";
				TEST_HOST = "$(BUILT_PRODUCTS_DIR)/SocialBet.app/SocialBet";
			};
			name = Release;
		};
		01F20F04217A67F700F2F713 /* Debug */ = {
			isa = XCBuildConfiguration;
			baseConfigurationReference = 200F322DF13C17BDC259E2FE /* Pods-SocialBetUITests.debug.xcconfig */;
			buildSettings = {
				ALWAYS_EMBED_SWIFT_STANDARD_LIBRARIES = YES;
				CODE_SIGN_STYLE = Automatic;
				INFOPLIST_FILE = SocialBetUITests/Info.plist;
				LD_RUNPATH_SEARCH_PATHS = (
					"$(inherited)",
					"@executable_path/Frameworks",
					"@loader_path/Frameworks",
				);
				PRODUCT_BUNDLE_IDENTIFIER = SocialBet.SocialBetUITests;
				PRODUCT_NAME = "$(TARGET_NAME)";
				SWIFT_VERSION = 4.2;
				TARGETED_DEVICE_FAMILY = "1,2";
				TEST_TARGET_NAME = SocialBet;
			};
			name = Debug;
		};
		01F20F05217A67F700F2F713 /* Release */ = {
			isa = XCBuildConfiguration;
			baseConfigurationReference = 695B9CEA6275A69BC7F26B62 /* Pods-SocialBetUITests.release.xcconfig */;
			buildSettings = {
				ALWAYS_EMBED_SWIFT_STANDARD_LIBRARIES = YES;
				CODE_SIGN_STYLE = Automatic;
				INFOPLIST_FILE = SocialBetUITests/Info.plist;
				LD_RUNPATH_SEARCH_PATHS = (
					"$(inherited)",
					"@executable_path/Frameworks",
					"@loader_path/Frameworks",
				);
				PRODUCT_BUNDLE_IDENTIFIER = SocialBet.SocialBetUITests;
				PRODUCT_NAME = "$(TARGET_NAME)";
				SWIFT_VERSION = 4.2;
				TARGETED_DEVICE_FAMILY = "1,2";
				TEST_TARGET_NAME = SocialBet;
			};
			name = Release;
		};
/* End XCBuildConfiguration section */

/* Begin XCConfigurationList section */
		01F20ED0217A67F500F2F713 /* Build configuration list for PBXProject "SocialBet" */ = {
			isa = XCConfigurationList;
			buildConfigurations = (
				01F20EFB217A67F700F2F713 /* Debug */,
				01F20EFC217A67F700F2F713 /* Release */,
			);
			defaultConfigurationIsVisible = 0;
			defaultConfigurationName = Release;
		};
		01F20EFD217A67F700F2F713 /* Build configuration list for PBXNativeTarget "SocialBet" */ = {
			isa = XCConfigurationList;
			buildConfigurations = (
				01F20EFE217A67F700F2F713 /* Debug */,
				01F20EFF217A67F700F2F713 /* Release */,
			);
			defaultConfigurationIsVisible = 0;
			defaultConfigurationName = Release;
		};
		01F20F00217A67F700F2F713 /* Build configuration list for PBXNativeTarget "SocialBetTests" */ = {
			isa = XCConfigurationList;
			buildConfigurations = (
				01F20F01217A67F700F2F713 /* Debug */,
				01F20F02217A67F700F2F713 /* Release */,
			);
			defaultConfigurationIsVisible = 0;
			defaultConfigurationName = Release;
		};
		01F20F03217A67F700F2F713 /* Build configuration list for PBXNativeTarget "SocialBetUITests" */ = {
			isa = XCConfigurationList;
			buildConfigurations = (
				01F20F04217A67F700F2F713 /* Debug */,
				01F20F05217A67F700F2F713 /* Release */,
			);
			defaultConfigurationIsVisible = 0;
			defaultConfigurationName = Release;
		};
/* End XCConfigurationList section */
	};
	rootObject = 01F20ECD217A67F500F2F713 /* Project object */;
}
